
Microsoft Visual Studio Solution File, Format Version 12.00
# Visual Studio Version 17
VisualStudioVersion = 17.4.33403.182
MinimumVisualStudioVersion = 10.0.40219.1
Project("{FAE04EC0-301F-11D3-BF4B-00C04F79EFBC}") = "TODOLIST", "TODOLIST\TODOLIST.csproj", "{BDBEC8DC-77D1-46BA-9C12-B218B896C330}"
EndProject
Global
	GlobalSection(SolutionConfigurationPlatforms) = preSolution
		Debug|Any CPU = Debug|Any CPU
		Release|Any CPU = Release|Any CPU
	EndGlobalSection
	GlobalSection(ProjectConfigurationPlatforms) = postSolution
		{BDBEC8DC-77D1-46BA-9C12-B218B896C330}.Debug|Any CPU.ActiveCfg = Debug|Any CPU
		{BDBEC8DC-77D1-46BA-9C12-B218B896C330}.Debug|Any CPU.Build.0 = Debug|Any CPU
		{BDBEC8DC-77D1-46BA-9C12-B218B896C330}.Release|Any CPU.ActiveCfg = Release|Any CPU
		{BDBEC8DC-77D1-46BA-9C12-B218B896C330}.Release|Any CPU.Build.0 = Release|Any CPU
	EndGlobalSection
	GlobalSection(SolutionProperties) = preSolution
		HideSolutionNode = FALSE
	EndGlobalSection
	GlobalSection(ExtensibilityGlobals) = postSolution
		SolutionGuid = {7DDF7E9B-1DEC-47FE-80EB-BD89B62C154D}
	EndGlobalSection
EndGlobal
